// !$*UTF8*$!
{
	archiveVersion = 1;
	classes = {
	};
	objectVersion = 77;
	objects = {

/* Begin PBXBuildFile section */
		2C3A65C02DEF576F00CCF087 /* CoreGraphics.framework in Frameworks */ = {isa = PBXBuildFile; fileRef = 2C3A65BF2DEF576F00CCF087 /* CoreGraphics.framework */; };
		2C9D00532DC1552200B6724A /* WidgetKit.framework in Frameworks */ = {isa = PBXBuildFile; fileRef = 2C9D00522DC1552200B6724A /* WidgetKit.framework */; };
		2C9D00552DC1552200B6724A /* SwiftUI.framework in Frameworks */ = {isa = PBXBuildFile; fileRef = 2C9D00542DC1552200B6724A /* SwiftUI.framework */; };
		2CDF440B2D1AC2C000149A0B /* UIKit.framework in Frameworks */ = {isa = PBXBuildFile; fileRef = 2CDF440A2D1AC2C000149A0B /* UIKit.framework */; };
/* End PBXBuildFile section */

/* Begin PBXContainerItemProxy section */
		2C1DB3A02D1AB92300C768B1 /* PBXContainerItemProxy */ = {
			isa = PBXContainerItemProxy;
			containerPortal = 2C1DB3822D1AB92000C768B1 /* Project object */;
			proxyType = 1;
			remoteGlobalIDString = 2C1DB3892D1AB92000C768B1;
			remoteInfo = TaskFl0w;
		};
		2C1DB3AA2D1AB92400C768B1 /* PBXContainerItemProxy */ = {
			isa = PBXContainerItemProxy;
			containerPortal = 2C1DB3822D1AB92000C768B1 /* Project object */;
			proxyType = 1;
			remoteGlobalIDString = 2C1DB3892D1AB92000C768B1;
			remoteInfo = TaskFl0w;
		};
/* End PBXContainerItemProxy section */

/* Begin PBXFileReference section */
		2C1DB38A2D1AB92000C768B1 /* TaskFl0w.app */ = {isa = PBXFileReference; explicitFileType = wrapper.application; includeInIndex = 0; path = TaskFl0w.app; sourceTree = BUILT_PRODUCTS_DIR; };
		2C1DB39F2D1AB92300C768B1 /* TaskFl0wTests.xctest */ = {isa = PBXFileReference; explicitFileType = wrapper.cfbundle; includeInIndex = 0; path = TaskFl0wTests.xctest; sourceTree = BUILT_PRODUCTS_DIR; };
		2C1DB3A92D1AB92400C768B1 /* TaskFl0wUITests.xctest */ = {isa = PBXFileReference; explicitFileType = wrapper.cfbundle; includeInIndex = 0; path = TaskFl0wUITests.xctest; sourceTree = BUILT_PRODUCTS_DIR; };
		2C3A65BF2DEF576F00CCF087 /* CoreGraphics.framework */ = {isa = PBXFileReference; lastKnownFileType = wrapper.framework; name = CoreGraphics.framework; path = System/Library/Frameworks/CoreGraphics.framework; sourceTree = SDKROOT; };
		2C9D00512DC1552200B6724A /* TaskFlowWidgetsExtension.appex */ = {isa = PBXFileReference; explicitFileType = "wrapper.app-extension"; includeInIndex = 0; path = TaskFlowWidgetsExtension.appex; sourceTree = BUILT_PRODUCTS_DIR; };
		2C9D00522DC1552200B6724A /* WidgetKit.framework */ = {isa = PBXFileReference; lastKnownFileType = wrapper.framework; name = WidgetKit.framework; path = System/Library/Frameworks/WidgetKit.framework; sourceTree = SDKROOT; };
		2C9D00542DC1552200B6724A /* SwiftUI.framework */ = {isa = PBXFileReference; lastKnownFileType = wrapper.framework; name = SwiftUI.framework; path = System/Library/Frameworks/SwiftUI.framework; sourceTree = SDKROOT; };
		2CDF440A2D1AC2C000149A0B /* UIKit.framework */ = {isa = PBXFileReference; lastKnownFileType = wrapper.framework; name = UIKit.framework; path = System/Library/Frameworks/UIKit.framework; sourceTree = SDKROOT; };
/* End PBXFileReference section */

/* Begin PBXFileSystemSynchronizedRootGroup section */
		2C1DB38C2D1AB92000C768B1 /* TaskFl0w */ = {
			isa = PBXFileSystemSynchronizedRootGroup;
			path = TaskFl0w;
			sourceTree = "<group>";
		};
/* End PBXFileSystemSynchronizedRootGroup section */

/* Begin PBXFrameworksBuildPhase section */
		2C1DB3872D1AB92000C768B1 /* Frameworks */ = {
			isa = PBXFrameworksBuildPhase;
			buildActionMask = 2147483647;
			files = (
				2C3A65C02DEF576F00CCF087 /* CoreGraphics.framework in Frameworks */,
				2CDF440B2D1AC2C000149A0B /* UIKit.framework in Frameworks */,
			);
			runOnlyForDeploymentPostprocessing = 0;
		};
		2C1DB39C2D1AB92300C768B1 /* Frameworks */ = {
			isa = PBXFrameworksBuildPhase;
			buildActionMask = 2147483647;
			files = (
			);
			runOnlyForDeploymentPostprocessing = 0;
		};
		2C1DB3A62D1AB92300C768B1 /* Frameworks */ = {
			isa = PBXFrameworksBuildPhase;
			buildActionMask = 2147483647;
			files = (
			);
			runOnlyForDeploymentPostprocessing = 0;
		};
		2C9D004E2DC1552200B6724A /* Frameworks */ = {
			isa = PBXFrameworksBuildPhase;
			buildActionMask = 2147483647;
			files = (
				2C9D00552DC1552200B6724A /* SwiftUI.framework in Frameworks */,
				2C9D00532DC1552200B6724A /* WidgetKit.framework in Frameworks */,
			);
			runOnlyForDeploymentPostprocessing = 0;
		};
/* End PBXFrameworksBuildPhase section */

/* Begin PBXGroup section */
		2C1DB3812D1AB92000C768B1 = {
			isa = PBXGroup;
			children = (
				2C1DB38C2D1AB92000C768B1 /* TaskFl0w */,
				2CDF44092D1AC2BF00149A0B /* Frameworks */,
				2C1DB38B2D1AB92000C768B1 /* Products */,
			);
			sourceTree = "<group>";
		};
		2C1DB38B2D1AB92000C768B1 /* Products */ = {
			isa = PBXGroup;
			children = (
				2C1DB38A2D1AB92000C768B1 /* TaskFl0w.app */,
				2C1DB39F2D1AB92300C768B1 /* TaskFl0wTests.xctest */,
				2C1DB3A92D1AB92400C768B1 /* TaskFl0wUITests.xctest */,
				2C9D00512DC1552200B6724A /* TaskFlowWidgetsExtension.appex */,
			);
			name = Products;
			sourceTree = "<group>";
		};
		2CDF44092D1AC2BF00149A0B /* Frameworks */ = {
			isa = PBXGroup;
			children = (
				2C3A65BF2DEF576F00CCF087 /* CoreGraphics.framework */,
				2CDF440A2D1AC2C000149A0B /* UIKit.framework */,
				2C9D00522DC1552200B6724A /* WidgetKit.framework */,
				2C9D00542DC1552200B6724A /* SwiftUI.framework */,
			);
			name = Frameworks;
			sourceTree = "<group>";
		};
/* End PBXGroup section */

/* Begin PBXNativeTarget section */
		2C1DB3892D1AB92000C768B1 /* TaskFl0w */ = {
			isa = PBXNativeTarget;
			buildConfigurationList = 2C1DB3B32D1AB92400C768B1 /* Build configuration list for PBXNativeTarget "TaskFl0w" */;
			buildPhases = (
				2C1DB3862D1AB92000C768B1 /* Sources */,
				2C1DB3872D1AB92000C768B1 /* Frameworks */,
				2C1DB3882D1AB92000C768B1 /* Resources */,
			);
			buildRules = (
			);
			dependencies = (
			);
			fileSystemSynchronizedGroups = (
				2C1DB38C2D1AB92000C768B1 /* TaskFl0w */,
			);
			name = TaskFl0w;
			packageProductDependencies = (
			);
			productName = TaskFl0w;
			productReference = 2C1DB38A2D1AB92000C768B1 /* TaskFl0w.app */;
			productType = "com.apple.product-type.application";
		};
		2C1DB39E2D1AB92300C768B1 /* TaskFl0wTests */ = {
			isa = PBXNativeTarget;
			buildConfigurationList = 2C1DB3B62D1AB92400C768B1 /* Build configuration list for PBXNativeTarget "TaskFl0wTests" */;
			buildPhases = (
				2C1DB39B2D1AB92300C768B1 /* Sources */,
				2C1DB39C2D1AB92300C768B1 /* Frameworks */,
				2C1DB39D2D1AB92300C768B1 /* Resources */,
			);
			buildRules = (
			);
			dependencies = (
				2C1DB3A12D1AB92300C768B1 /* PBXTargetDependency */,
			);
			name = TaskFl0wTests;
			packageProductDependencies = (
			);
			productName = TaskFl0wTests;
			productReference = 2C1DB39F2D1AB92300C768B1 /* TaskFl0wTests.xctest */;
			productType = "com.apple.product-type.bundle.unit-test";
		};
		2C1DB3A82D1AB92300C768B1 /* TaskFl0wUITests */ = {
			isa = PBXNativeTarget;
			buildConfigurationList = 2C1DB3B92D1AB92400C768B1 /* Build configuration list for PBXNativeTarget "TaskFl0wUITests" */;
			buildPhases = (
				2C1DB3A52D1AB92300C768B1 /* Sources */,
				2C1DB3A62D1AB92300C768B1 /* Frameworks */,
				2C1DB3A72D1AB92300C768B1 /* Resources */,
			);
			buildRules = (
			);
			dependencies = (
				2C1DB3AB2D1AB92400C768B1 /* PBXTargetDependency */,
			);
			name = TaskFl0wUITests;
			packageProductDependencies = (
			);
			productName = TaskFl0wUITests;
			productReference = 2C1DB3A92D1AB92400C768B1 /* TaskFl0wUITests.xctest */;
			productType = "com.apple.product-type.bundle.ui-testing";
		};
		2C9D00502DC1552200B6724A /* TaskFlowWidgetsExtension */ = {
			isa = PBXNativeTarget;
			buildConfigurationList = 2C9D00682DC1552700B6724A /* Build configuration list for PBXNativeTarget "TaskFlowWidgetsExtension" */;
			buildPhases = (
				2C9D004D2DC1552200B6724A /* Sources */,
				2C9D004E2DC1552200B6724A /* Frameworks */,
				2C9D004F2DC1552200B6724A /* Resources */,
			);
			buildRules = (
			);
			dependencies = (
			);
			name = TaskFlowWidgetsExtension;
			packageProductDependencies = (
			);
			productName = TaskFlowWidgetsExtension;
			productReference = 2C9D00512DC1552200B6724A /* TaskFlowWidgetsExtension.appex */;
			productType = "com.apple.product-type.app-extension";
		};
/* End PBXNativeTarget section */

/* Begin PBXProject section */
		2C1DB3822D1AB92000C768B1 /* Project object */ = {
			isa = PBXProject;
			attributes = {
				BuildIndependentTargetsInParallel = 1;
				LastSwiftUpdateCheck = 1600;
				LastUpgradeCheck = 1640;
				TargetAttributes = {
					2C1DB3892D1AB92000C768B1 = {
						CreatedOnToolsVersion = 16.0;
					};
					2C1DB39E2D1AB92300C768B1 = {
						CreatedOnToolsVersion = 16.0;
						TestTargetID = 2C1DB3892D1AB92000C768B1;
					};
					2C1DB3A82D1AB92300C768B1 = {
						CreatedOnToolsVersion = 16.0;
						TestTargetID = 2C1DB3892D1AB92000C768B1;
					};
					2C9D00502DC1552200B6724A = {
						CreatedOnToolsVersion = 16.0;
					};
				};
			};
			buildConfigurationList = 2C1DB3852D1AB92000C768B1 /* Build configuration list for PBXProject "TaskFl0w" */;
			developmentRegion = en;
			hasScannedForEncodings = 0;
			knownRegions = (
				ru,
				en,
				"zh-Hans",
				es,
				ja,
				fr,
				Base,
			);
			mainGroup = 2C1DB3812D1AB92000C768B1;
			minimizedProjectReferenceProxies = 1;
			preferredProjectObjectVersion = 77;
			productRefGroup = 2C1DB38B2D1AB92000C768B1 /* Products */;
			projectDirPath = "";
			projectRoot = "";
			targets = (
				2C1DB3892D1AB92000C768B1 /* TaskFl0w */,
				2C1DB39E2D1AB92300C768B1 /* TaskFl0wTests */,
				2C1DB3A82D1AB92300C768B1 /* TaskFl0wUITests */,
				2C9D00502DC1552200B6724A /* TaskFlowWidgetsExtension */,
			);
		};
/* End PBXProject section */

/* Begin PBXResourcesBuildPhase section */
		2C1DB3882D1AB92000C768B1 /* Resources */ = {
			isa = PBXResourcesBuildPhase;
			buildActionMask = 2147483647;
			files = (
			);
			runOnlyForDeploymentPostprocessing = 0;
		};
		2C1DB39D2D1AB92300C768B1 /* Resources */ = {
			isa = PBXResourcesBuildPhase;
			buildActionMask = 2147483647;
			files = (
			);
			runOnlyForDeploymentPostprocessing = 0;
		};
		2C1DB3A72D1AB92300C768B1 /* Resources */ = {
			isa = PBXResourcesBuildPhase;
			buildActionMask = 2147483647;
			files = (
			);
			runOnlyForDeploymentPostprocessing = 0;
		};
		2C9D004F2DC1552200B6724A /* Resources */ = {
			isa = PBXResourcesBuildPhase;
			buildActionMask = 2147483647;
			files = (
			);
			runOnlyForDeploymentPostprocessing = 0;
		};
/* End PBXResourcesBuildPhase section */

/* Begin PBXSourcesBuildPhase section */
		2C1DB3862D1AB92000C768B1 /* Sources */ = {
			isa = PBXSourcesBuildPhase;
			buildActionMask = 2147483647;
			files = (
			);
			runOnlyForDeploymentPostprocessing = 0;
		};
		2C1DB39B2D1AB92300C768B1 /* Sources */ = {
			isa = PBXSourcesBuildPhase;
			buildActionMask = 2147483647;
			files = (
			);
			runOnlyForDeploymentPostprocessing = 0;
		};
		2C1DB3A52D1AB92300C768B1 /* Sources */ = {
			isa = PBXSourcesBuildPhase;
			buildActionMask = 2147483647;
			files = (
			);
			runOnlyForDeploymentPostprocessing = 0;
		};
		2C9D004D2DC1552200B6724A /* Sources */ = {
			isa = PBXSourcesBuildPhase;
			buildActionMask = 2147483647;
			files = (
			);
			runOnlyForDeploymentPostprocessing = 0;
		};
/* End PBXSourcesBuildPhase section */

/* Begin PBXTargetDependency section */
		2C1DB3A12D1AB92300C768B1 /* PBXTargetDependency */ = {
			isa = PBXTargetDependency;
			target = 2C1DB3892D1AB92000C768B1 /* TaskFl0w */;
			targetProxy = 2C1DB3A02D1AB92300C768B1 /* PBXContainerItemProxy */;
		};
		2C1DB3AB2D1AB92400C768B1 /* PBXTargetDependency */ = {
			isa = PBXTargetDependency;
			target = 2C1DB3892D1AB92000C768B1 /* TaskFl0w */;
			targetProxy = 2C1DB3AA2D1AB92400C768B1 /* PBXContainerItemProxy */;
		};
/* End PBXTargetDependency section */

/* Begin XCBuildConfiguration section */
		2C1DB3B12D1AB92400C768B1 /* Debug */ = {
			isa = XCBuildConfiguration;
			buildSettings = {
				ALWAYS_SEARCH_USER_PATHS = NO;
				ASSETCATALOG_COMPILER_GENERATE_SWIFT_ASSET_SYMBOL_EXTENSIONS = YES;
				CLANG_ANALYZER_LOCALIZABILITY_NONLOCALIZED = YES;
				CLANG_ANALYZER_NONNULL = YES;
				CLANG_ANALYZER_NUMBER_OBJECT_CONVERSION = YES_AGGRESSIVE;
				CLANG_CXX_LANGUAGE_STANDARD = "gnu++20";
				CLANG_ENABLE_MODULES = YES;
				CLANG_ENABLE_OBJC_ARC = YES;
				CLANG_ENABLE_OBJC_WEAK = YES;
				CLANG_WARN_BLOCK_CAPTURE_AUTORELEASING = YES;
				CLANG_WARN_BOOL_CONVERSION = YES;
				CLANG_WARN_COMMA = YES;
				CLANG_WARN_CONSTANT_CONVERSION = YES;
				CLANG_WARN_DEPRECATED_OBJC_IMPLEMENTATIONS = YES;
				CLANG_WARN_DIRECT_OBJC_ISA_USAGE = YES_ERROR;
				CLANG_WARN_DOCUMENTATION_COMMENTS = YES;
				CLANG_WARN_EMPTY_BODY = YES;
				CLANG_WARN_ENUM_CONVERSION = YES;
				CLANG_WARN_INFINITE_RECURSION = YES;
				CLANG_WARN_INT_CONVERSION = YES;
				CLANG_WARN_NON_LITERAL_NULL_CONVERSION = YES;
				CLANG_WARN_OBJC_IMPLICIT_RETAIN_SELF = YES;
				CLANG_WARN_OBJC_LITERAL_CONVERSION = YES;
				CLANG_WARN_OBJC_ROOT_CLASS = YES_ERROR;
				CLANG_WARN_QUOTED_INCLUDE_IN_FRAMEWORK_HEADER = YES;
				CLANG_WARN_RANGE_LOOP_ANALYSIS = YES;
				CLANG_WARN_STRICT_PROTOTYPES = YES;
				CLANG_WARN_SUSPICIOUS_MOVE = YES;
				CLANG_WARN_UNGUARDED_AVAILABILITY = YES_AGGRESSIVE;
				CLANG_WARN_UNREACHABLE_CODE = YES;
				CLANG_WARN__DUPLICATE_METHOD_MATCH = YES;
				COPY_PHASE_STRIP = NO;
				DEBUG_INFORMATION_FORMAT = dwarf;
				DEVELOPMENT_TEAM = 4JCS7KTRQH;
				ENABLE_STRICT_OBJC_MSGSEND = YES;
				ENABLE_TESTABILITY = YES;
				ENABLE_USER_SCRIPT_SANDBOXING = YES;
				GCC_C_LANGUAGE_STANDARD = gnu17;
				GCC_DYNAMIC_NO_PIC = NO;
				GCC_NO_COMMON_BLOCKS = YES;
				GCC_OPTIMIZATION_LEVEL = 0;
				GCC_PREPROCESSOR_DEFINITIONS = (
					"DEBUG=1",
					"$(inherited)",
				);
				GCC_WARN_64_TO_32_BIT_CONVERSION = YES;
				GCC_WARN_ABOUT_RETURN_TYPE = YES_ERROR;
				GCC_WARN_UNDECLARED_SELECTOR = YES;
				GCC_WARN_UNINITIALIZED_AUTOS = YES_AGGRESSIVE;
				GCC_WARN_UNUSED_FUNCTION = YES;
				GCC_WARN_UNUSED_VARIABLE = YES;
				IPHONEOS_DEPLOYMENT_TARGET = 18.0;
				LOCALIZATION_PREFERS_STRING_CATALOGS = YES;
				MTL_ENABLE_DEBUG_INFO = INCLUDE_SOURCE;
				MTL_FAST_MATH = YES;
				ONLY_ACTIVE_ARCH = YES;
				SDKROOT = iphoneos;
				SWIFT_ACTIVE_COMPILATION_CONDITIONS = "DEBUG $(inherited)";
				SWIFT_OPTIMIZATION_LEVEL = "-Onone";
			};
			name = Debug;
		};
		2C1DB3B22D1AB92400C768B1 /* Release */ = {
			isa = XCBuildConfiguration;
			buildSettings = {
				ALWAYS_SEARCH_USER_PATHS = NO;
				ASSETCATALOG_COMPILER_GENERATE_SWIFT_ASSET_SYMBOL_EXTENSIONS = YES;
				CLANG_ANALYZER_LOCALIZABILITY_NONLOCALIZED = YES;
				CLANG_ANALYZER_NONNULL = YES;
				CLANG_ANALYZER_NUMBER_OBJECT_CONVERSION = YES_AGGRESSIVE;
				CLANG_CXX_LANGUAGE_STANDARD = "gnu++20";
				CLANG_ENABLE_MODULES = YES;
				CLANG_ENABLE_OBJC_ARC = YES;
				CLANG_ENABLE_OBJC_WEAK = YES;
				CLANG_WARN_BLOCK_CAPTURE_AUTORELEASING = YES;
				CLANG_WARN_BOOL_CONVERSION = YES;
				CLANG_WARN_COMMA = YES;
				CLANG_WARN_CONSTANT_CONVERSION = YES;
				CLANG_WARN_DEPRECATED_OBJC_IMPLEMENTATIONS = YES;
				CLANG_WARN_DIRECT_OBJC_ISA_USAGE = YES_ERROR;
				CLANG_WARN_DOCUMENTATION_COMMENTS = YES;
				CLANG_WARN_EMPTY_BODY = YES;
				CLANG_WARN_ENUM_CONVERSION = YES;
				CLANG_WARN_INFINITE_RECURSION = YES;
				CLANG_WARN_INT_CONVERSION = YES;
				CLANG_WARN_NON_LITERAL_NULL_CONVERSION = YES;
				CLANG_WARN_OBJC_IMPLICIT_RETAIN_SELF = YES;
				CLANG_WARN_OBJC_LITERAL_CONVERSION = YES;
				CLANG_WARN_OBJC_ROOT_CLASS = YES_ERROR;
				CLANG_WARN_QUOTED_INCLUDE_IN_FRAMEWORK_HEADER = YES;
				CLANG_WARN_RANGE_LOOP_ANALYSIS = YES;
				CLANG_WARN_STRICT_PROTOTYPES = YES;
				CLANG_WARN_SUSPICIOUS_MOVE = YES;
				CLANG_WARN_UNGUARDED_AVAILABILITY = YES_AGGRESSIVE;
				CLANG_WARN_UNREACHABLE_CODE = YES;
				CLANG_WARN__DUPLICATE_METHOD_MATCH = YES;
				COPY_PHASE_STRIP = NO;
				DEBUG_INFORMATION_FORMAT = "dwarf-with-dsym";
				DEVELOPMENT_TEAM = 4JCS7KTRQH;
				ENABLE_NS_ASSERTIONS = NO;
				ENABLE_STRICT_OBJC_MSGSEND = YES;
				ENABLE_USER_SCRIPT_SANDBOXING = YES;
				GCC_C_LANGUAGE_STANDARD = gnu17;
				GCC_NO_COMMON_BLOCKS = YES;
				GCC_WARN_64_TO_32_BIT_CONVERSION = YES;
				GCC_WARN_ABOUT_RETURN_TYPE = YES_ERROR;
				GCC_WARN_UNDECLARED_SELECTOR = YES;
				GCC_WARN_UNINITIALIZED_AUTOS = YES_AGGRESSIVE;
				GCC_WARN_UNUSED_FUNCTION = YES;
				GCC_WARN_UNUSED_VARIABLE = YES;
				IPHONEOS_DEPLOYMENT_TARGET = 18.0;
				LOCALIZATION_PREFERS_STRING_CATALOGS = YES;
				MTL_ENABLE_DEBUG_INFO = NO;
				MTL_FAST_MATH = YES;
				SDKROOT = iphoneos;
				SWIFT_COMPILATION_MODE = wholemodule;
				VALIDATE_PRODUCT = YES;
			};
			name = Release;
		};
		2C1DB3B42D1AB92400C768B1 /* Debug */ = {
			isa = XCBuildConfiguration;
			buildSettings = {
				ASSETCATALOG_COMPILER_APPICON_NAME = AppIcon;
				ASSETCATALOG_COMPILER_GLOBAL_ACCENT_COLOR_NAME = AccentColor;
				ASSETCATALOG_COMPILER_INCLUDE_ALL_APPICON_ASSETS = NO;
				CODE_SIGN_ENTITLEMENTS = TaskFl0w/TaskFl0w.entitlements;
				CODE_SIGN_STYLE = Automatic;
				CURRENT_PROJECT_VERSION = 1;
				DEVELOPMENT_ASSET_PATHS = "\"TaskFl0w/\" \"TaskFl0w/Resources\"";
				ENABLE_PREVIEWS = YES;
				GENERATE_INFOPLIST_FILE = YES;
				INFOPLIST_KEY_CFBundleDisplayName = TaskFl0w;
				INFOPLIST_KEY_LSApplicationCategoryType = "public.app-category.productivity";
				INFOPLIST_KEY_UIApplicationSceneManifest_Generation = YES;
				INFOPLIST_KEY_UIApplicationSupportsIndirectInputEvents = YES;
				INFOPLIST_KEY_UILaunchScreen_Generation = YES;
				INFOPLIST_KEY_UISupportedInterfaceOrientations = UIInterfaceOrientationPortrait;
				INFOPLIST_KEY_UISupportedInterfaceOrientations_iPad = "UIInterfaceOrientationLandscapeLeft UIInterfaceOrientationLandscapeRight UIInterfaceOrientationPortrait UIInterfaceOrientationPortraitUpsideDown";
				LD_RUNPATH_SEARCH_PATHS = (
					"$(inherited)",
					"@executable_path/Frameworks",
				);
				MARKETING_VERSION = 1.0;
				PRODUCT_BUNDLE_IDENTIFIER = AbstractSoft.TaskFl0w;
				PRODUCT_NAME = "$(TARGET_NAME)";
				SUPPORTED_PLATFORMS = "iphoneos iphonesimulator";
				SUPPORTS_MACCATALYST = NO;
				SUPPORTS_MAC_DESIGNED_FOR_IPHONE_IPAD = NO;
				SUPPORTS_XR_DESIGNED_FOR_IPHONE_IPAD = NO;
				SWIFT_EMIT_LOC_STRINGS = YES;
				SWIFT_VERSION = 5.0;
				TARGETED_DEVICE_FAMILY = 1;
			};
			name = Debug;
		};
		2C1DB3B52D1AB92400C768B1 /* Release */ = {
			isa = XCBuildConfiguration;
			buildSettings = {
				ASSETCATALOG_COMPILER_APPICON_NAME = AppIcon;
				ASSETCATALOG_COMPILER_GLOBAL_ACCENT_COLOR_NAME = AccentColor;
				ASSETCATALOG_COMPILER_INCLUDE_ALL_APPICON_ASSETS = NO;
				CODE_SIGN_ENTITLEMENTS = TaskFl0w/TaskFl0w.entitlements;
				CODE_SIGN_STYLE = Automatic;
				CURRENT_PROJECT_VERSION = 1;
				DEVELOPMENT_ASSET_PATHS = "\"TaskFl0w/\" \"TaskFl0w/Resources\"";
				ENABLE_PREVIEWS = YES;
				GENERATE_INFOPLIST_FILE = YES;
				INFOPLIST_KEY_CFBundleDisplayName = TaskFl0w;
				INFOPLIST_KEY_LSApplicationCategoryType = "public.app-category.productivity";
				INFOPLIST_KEY_UIApplicationSceneManifest_Generation = YES;
				INFOPLIST_KEY_UIApplicationSupportsIndirectInputEvents = YES;
				INFOPLIST_KEY_UILaunchScreen_Generation = YES;
				INFOPLIST_KEY_UISupportedInterfaceOrientations = UIInterfaceOrientationPortrait;
				INFOPLIST_KEY_UISupportedInterfaceOrientations_iPad = "UIInterfaceOrientationLandscapeLeft UIInterfaceOrientationLandscapeRight UIInterfaceOrientationPortrait UIInterfaceOrientationPortraitUpsideDown";
				LD_RUNPATH_SEARCH_PATHS = (
					"$(inherited)",
					"@executable_path/Frameworks",
				);
				MARKETING_VERSION = 1.0;
				PRODUCT_BUNDLE_IDENTIFIER = AbstractSoft.TaskFl0w;
				PRODUCT_NAME = "$(TARGET_NAME)";
				SUPPORTED_PLATFORMS = "iphoneos iphonesimulator";
				SUPPORTS_MACCATALYST = NO;
				SUPPORTS_MAC_DESIGNED_FOR_IPHONE_IPAD = NO;
				SUPPORTS_XR_DESIGNED_FOR_IPHONE_IPAD = NO;
				SWIFT_EMIT_LOC_STRINGS = YES;
				SWIFT_VERSION = 5.0;
				TARGETED_DEVICE_FAMILY = 1;
			};
			name = Release;
		};
		2C1DB3B72D1AB92400C768B1 /* Debug */ = {
			isa = XCBuildConfiguration;
			buildSettings = {
				BUNDLE_LOADER = "$(TEST_HOST)";
				CODE_SIGN_STYLE = Automatic;
				CURRENT_PROJECT_VERSION = 1;
				GENERATE_INFOPLIST_FILE = YES;
				IPHONEOS_DEPLOYMENT_TARGET = 18.0;
				MARKETING_VERSION = 1.0;
				PRODUCT_BUNDLE_IDENTIFIER = AbstractSoft.TaskFl0wTests;
				PRODUCT_NAME = "$(TARGET_NAME)";
				SWIFT_EMIT_LOC_STRINGS = NO;
				SWIFT_VERSION = 5.0;
				TARGETED_DEVICE_FAMILY = "1,2";
				TEST_HOST = "$(BUILT_PRODUCTS_DIR)/TaskFl0w.app/$(BUNDLE_EXECUTABLE_FOLDER_PATH)/TaskFl0w";
			};
			name = Debug;
		};
		2C1DB3B82D1AB92400C768B1 /* Release */ = {
			isa = XCBuildConfiguration;
			buildSettings = {
				BUNDLE_LOADER = "$(TEST_HOST)";
				CODE_SIGN_STYLE = Automatic;
				CURRENT_PROJECT_VERSION = 1;
				GENERATE_INFOPLIST_FILE = YES;
				IPHONEOS_DEPLOYMENT_TARGET = 18.0;
				MARKETING_VERSION = 1.0;
				PRODUCT_BUNDLE_IDENTIFIER = AbstractSoft.TaskFl0wTests;
				PRODUCT_NAME = "$(TARGET_NAME)";
				SWIFT_EMIT_LOC_STRINGS = NO;
				SWIFT_VERSION = 5.0;
				TARGETED_DEVICE_FAMILY = "1,2";
				TEST_HOST = "$(BUILT_PRODUCTS_DIR)/TaskFl0w.app/$(BUNDLE_EXECUTABLE_FOLDER_PATH)/TaskFl0w";
			};
			name = Release;
		};
		2C1DB3BA2D1AB92400C768B1 /* Debug */ = {
			isa = XCBuildConfiguration;
			buildSettings = {
				CODE_SIGN_STYLE = Automatic;
				CURRENT_PROJECT_VERSION = 1;
				GENERATE_INFOPLIST_FILE = YES;
				MARKETING_VERSION = 1.0;
				PRODUCT_BUNDLE_IDENTIFIER = AbstractSoft.TaskFl0wUITests;
				PRODUCT_NAME = "$(TARGET_NAME)";
				SWIFT_EMIT_LOC_STRINGS = NO;
				SWIFT_VERSION = 5.0;
				TARGETED_DEVICE_FAMILY = "1,2";
				TEST_TARGET_NAME = TaskFl0w;
			};
			name = Debug;
		};
		2C1DB3BB2D1AB92400C768B1 /* Release */ = {
			isa = XCBuildConfiguration;
			buildSettings = {
				CODE_SIGN_STYLE = Automatic;
				CURRENT_PROJECT_VERSION = 1;
				GENERATE_INFOPLIST_FILE = YES;
				MARKETING_VERSION = 1.0;
				PRODUCT_BUNDLE_IDENTIFIER = AbstractSoft.TaskFl0wUITests;
				PRODUCT_NAME = "$(TARGET_NAME)";
				SWIFT_EMIT_LOC_STRINGS = NO;
				SWIFT_VERSION = 5.0;
				TARGETED_DEVICE_FAMILY = "1,2";
				TEST_TARGET_NAME = TaskFl0w;
			};
			name = Release;
		};
		2C9D00692DC1552700B6724A /* Debug */ = {
			isa = XCBuildConfiguration;
			buildSettings = {
				ASSETCATALOG_COMPILER_GLOBAL_ACCENT_COLOR_NAME = AccentColor;
				ASSETCATALOG_COMPILER_WIDGET_BACKGROUND_COLOR_NAME = WidgetBackground;
				CODE_SIGN_ENTITLEMENTS = TaskFlowWidgetsExtension.entitlements;
				CODE_SIGN_STYLE = Automatic;
				CURRENT_PROJECT_VERSION = 1;
				DEVELOPMENT_ASSET_PATHS = "";
				GENERATE_INFOPLIST_FILE = YES;
				INFOPLIST_KEY_CFBundleDisplayName = TaskFlowWidgets;
				INFOPLIST_KEY_NSHumanReadableCopyright = "";
				LD_RUNPATH_SEARCH_PATHS = (
					"$(inherited)",
					"@executable_path/Frameworks",
					"@executable_path/../../Frameworks",
				);
				MARKETING_VERSION = 1.0;
				PRODUCT_BUNDLE_IDENTIFIER = AbstractSoft.TaskFl0w.TaskFlowWidgets;
				PRODUCT_NAME = "$(TARGET_NAME)";
				SKIP_INSTALL = YES;
				SUPPORTED_PLATFORMS = "iphoneos iphonesimulator";
				SUPPORTS_MACCATALYST = NO;
				SUPPORTS_XR_DESIGNED_FOR_IPHONE_IPAD = NO;
				SWIFT_EMIT_LOC_STRINGS = YES;
				SWIFT_VERSION = 5.0;
				TARGETED_DEVICE_FAMILY = "1,2";
			};
			name = Debug;
		};
		2C9D006A2DC1552700B6724A /* Release */ = {
			isa = XCBuildConfiguration;
			buildSettings = {
				ASSETCATALOG_COMPILER_GLOBAL_ACCENT_COLOR_NAME = AccentColor;
				ASSETCATALOG_COMPILER_WIDGET_BACKGROUND_COLOR_NAME = WidgetBackground;
				CODE_SIGN_ENTITLEMENTS = TaskFlowWidgetsExtension.entitlements;
				CODE_SIGN_STYLE = Automatic;
				CURRENT_PROJECT_VERSION = 1;
				DEVELOPMENT_ASSET_PATHS = "";
				GENERATE_INFOPLIST_FILE = YES;
				INFOPLIST_KEY_CFBundleDisplayName = TaskFlowWidgets;
				INFOPLIST_KEY_NSHumanReadableCopyright = "";
				LD_RUNPATH_SEARCH_PATHS = (
					"$(inherited)",
					"@executable_path/Frameworks",
					"@executable_path/../../Frameworks",
				);
				MARKETING_VERSION = 1.0;
				PRODUCT_BUNDLE_IDENTIFIER = AbstractSoft.TaskFl0w.TaskFlowWidgets;
				PRODUCT_NAME = "$(TARGET_NAME)";
				SKIP_INSTALL = YES;
				SUPPORTED_PLATFORMS = "iphoneos iphonesimulator";
				SUPPORTS_MACCATALYST = NO;
				SUPPORTS_XR_DESIGNED_FOR_IPHONE_IPAD = NO;
				SWIFT_EMIT_LOC_STRINGS = YES;
				SWIFT_VERSION = 5.0;
				TARGETED_DEVICE_FAMILY = "1,2";
			};
			name = Release;
		};
/* End XCBuildConfiguration section */

/* Begin XCConfigurationList section */
		2C1DB3852D1AB92000C768B1 /* Build configuration list for PBXProject "TaskFl0w" */ = {
			isa = XCConfigurationList;
			buildConfigurations = (
				2C1DB3B12D1AB92400C768B1 /* Debug */,
				2C1DB3B22D1AB92400C768B1 /* Release */,
			);
			defaultConfigurationIsVisible = 0;
			defaultConfigurationName = Release;
		};
		2C1DB3B32D1AB92400C768B1 /* Build configuration list for PBXNativeTarget "TaskFl0w" */ = {
			isa = XCConfigurationList;
			buildConfigurations = (
				2C1DB3B42D1AB92400C768B1 /* Debug */,
				2C1DB3B52D1AB92400C768B1 /* Release */,
			);
			defaultConfigurationIsVisible = 0;
			defaultConfigurationName = Release;
		};
		2C1DB3B62D1AB92400C768B1 /* Build configuration list for PBXNativeTarget "TaskFl0wTests" */ = {
			isa = XCConfigurationList;
			buildConfigurations = (
				2C1DB3B72D1AB92400C768B1 /* Debug */,
				2C1DB3B82D1AB92400C768B1 /* Release */,
			);
			defaultConfigurationIsVisible = 0;
			defaultConfigurationName = Release;
		};
		2C1DB3B92D1AB92400C768B1 /* Build configuration list for PBXNativeTarget "TaskFl0wUITests" */ = {
			isa = XCConfigurationList;
			buildConfigurations = (
				2C1DB3BA2D1AB92400C768B1 /* Debug */,
				2C1DB3BB2D1AB92400C768B1 /* Release */,
			);
			defaultConfigurationIsVisible = 0;
			defaultConfigurationName = Release;
		};
		2C9D00682DC1552700B6724A /* Build configuration list for PBXNativeTarget "TaskFlowWidgetsExtension" */ = {
			isa = XCConfigurationList;
			buildConfigurations = (
				2C9D00692DC1552700B6724A /* Debug */,
				2C9D006A2DC1552700B6724A /* Release */,
			);
			defaultConfigurationIsVisible = 0;
			defaultConfigurationName = Release;
		};
/* End XCConfigurationList section */
	};
	rootObject = 2C1DB3822D1AB92000C768B1 /* Project object */;
}
